// !$*UTF8*$!
{
	archiveVersion = 1;
	classes = {
	};
	objectVersion = 50;
	objects = {

/* Begin PBXBuildFile section */
		E3322D922211E16D00656326 /* AppDelegate.swift in Sources */ = {isa = PBXBuildFile; fileRef = E3322D912211E16D00656326 /* AppDelegate.swift */; };
		E3322D942211E16D00656326 /* ViewController.swift in Sources */ = {isa = PBXBuildFile; fileRef = E3322D932211E16D00656326 /* ViewController.swift */; };
		E3322D972211E16D00656326 /* Main.storyboard in Resources */ = {isa = PBXBuildFile; fileRef = E3322D952211E16D00656326 /* Main.storyboard */; };
		E3322D9A2211E16D00656326 /* pokemongo.xcdatamodeld in Sources */ = {isa = PBXBuildFile; fileRef = E3322D982211E16D00656326 /* pokemongo.xcdatamodeld */; };
		E3322D9C2211E16E00656326 /* Assets.xcassets in Resources */ = {isa = PBXBuildFile; fileRef = E3322D9B2211E16E00656326 /* Assets.xcassets */; };
		E3322D9F2211E16E00656326 /* LaunchScreen.storyboard in Resources */ = {isa = PBXBuildFile; fileRef = E3322D9D2211E16E00656326 /* LaunchScreen.storyboard */; };
		E3322DA82211E17900656326 /* MapKit.framework in Frameworks */ = {isa = PBXBuildFile; fileRef = E3322DA72211E17900656326 /* MapKit.framework */; };
		E39B3A6B221328E100F4DDC8 /* PokemonPersistance.swift in Sources */ = {isa = PBXBuildFile; fileRef = E39B3A6A221328E100F4DDC8 /* PokemonPersistance.swift */; };
/* End PBXBuildFile section */

/* Begin PBXFileReference section */
		E3322D8E2211E16D00656326 /* pokemongo.app */ = {isa = PBXFileReference; explicitFileType = wrapper.application; includeInIndex = 0; path = pokemongo.app; sourceTree = BUILT_PRODUCTS_DIR; };
		E3322D912211E16D00656326 /* AppDelegate.swift */ = {isa = PBXFileReference; lastKnownFileType = sourcecode.swift; path = AppDelegate.swift; sourceTree = "<group>"; };
		E3322D932211E16D00656326 /* ViewController.swift */ = {isa = PBXFileReference; lastKnownFileType = sourcecode.swift; path = ViewController.swift; sourceTree = "<group>"; };
		E3322D962211E16D00656326 /* Base */ = {isa = PBXFileReference; lastKnownFileType = file.storyboard; name = Base; path = Base.lproj/Main.storyboard; sourceTree = "<group>"; };
		E3322D992211E16D00656326 /* pokemongo.xcdatamodel */ = {isa = PBXFileReference; lastKnownFileType = wrapper.xcdatamodel; path = pokemongo.xcdatamodel; sourceTree = "<group>"; };
		E3322D9B2211E16E00656326 /* Assets.xcassets */ = {isa = PBXFileReference; lastKnownFileType = folder.assetcatalog; path = Assets.xcassets; sourceTree = "<group>"; };
		E3322D9E2211E16E00656326 /* Base */ = {isa = PBXFileReference; lastKnownFileType = file.storyboard; name = Base; path = Base.lproj/LaunchScreen.storyboard; sourceTree = "<group>"; };
		E3322DA02211E16E00656326 /* Info.plist */ = {isa = PBXFileReference; lastKnownFileType = text.plist.xml; path = Info.plist; sourceTree = "<group>"; };
		E3322DA72211E17900656326 /* MapKit.framework */ = {isa = PBXFileReference; lastKnownFileType = wrapper.framework; name = MapKit.framework; path = System/Library/Frameworks/MapKit.framework; sourceTree = SDKROOT; };
		E39B3A6A221328E100F4DDC8 /* PokemonPersistance.swift */ = {isa = PBXFileReference; lastKnownFileType = sourcecode.swift; path = PokemonPersistance.swift; sourceTree = "<group>"; };
/* End PBXFileReference section */

/* Begin PBXFrameworksBuildPhase section */
		E3322D8B2211E16D00656326 /* Frameworks */ = {
			isa = PBXFrameworksBuildPhase;
			buildActionMask = 2147483647;
			files = (
				E3322DA82211E17900656326 /* MapKit.framework in Frameworks */,
			);
			runOnlyForDeploymentPostprocessing = 0;
		};
/* End PBXFrameworksBuildPhase section */

/* Begin PBXGroup section */
		E3322D852211E16D00656326 = {
			isa = PBXGroup;
			children = (
				E3322D902211E16D00656326 /* pokemongo */,
				E3322D8F2211E16D00656326 /* Products */,
				E3322DA62211E17900656326 /* Frameworks */,
			);
			sourceTree = "<group>";
		};
		E3322D8F2211E16D00656326 /* Products */ = {
			isa = PBXGroup;
			children = (
				E3322D8E2211E16D00656326 /* pokemongo.app */,
			);
			name = Products;
			sourceTree = "<group>";
		};
		E3322D902211E16D00656326 /* pokemongo */ = {
			isa = PBXGroup;
			children = (
				E3322D912211E16D00656326 /* AppDelegate.swift */,
				E3322D932211E16D00656326 /* ViewController.swift */,
				E3322D952211E16D00656326 /* Main.storyboard */,
				E3322D9B2211E16E00656326 /* Assets.xcassets */,
				E3322D9D2211E16E00656326 /* LaunchScreen.storyboard */,
				E3322DA02211E16E00656326 /* Info.plist */,
				E3322D982211E16D00656326 /* pokemongo.xcdatamodeld */,
				E39B3A6A221328E100F4DDC8 /* PokemonPersistance.swift */,
			);
			path = pokemongo;
			sourceTree = "<group>";
		};
		E3322DA62211E17900656326 /* Frameworks */ = {
			isa = PBXGroup;
			children = (
				E3322DA72211E17900656326 /* MapKit.framework */,
			);
			name = Frameworks;
			sourceTree = "<group>";
		};
/* End PBXGroup section */

/* Begin PBXNativeTarget section */
		E3322D8D2211E16D00656326 /* pokemongo */ = {
			isa = PBXNativeTarget;
			buildConfigurationList = E3322DA32211E16E00656326 /* Build configuration list for PBXNativeTarget "pokemongo" */;
			buildPhases = (
				E3322D8A2211E16D00656326 /* Sources */,
				E3322D8B2211E16D00656326 /* Frameworks */,
				E3322D8C2211E16D00656326 /* Resources */,
			);
			buildRules = (
			);
			dependencies = (
			);
			name = pokemongo;
			productName = pokemongo;
			productReference = E3322D8E2211E16D00656326 /* pokemongo.app */;
			productType = "com.apple.product-type.application";
		};
/* End PBXNativeTarget section */

/* Begin PBXProject section */
		E3322D862211E16D00656326 /* Project object */ = {
			isa = PBXProject;
			attributes = {
				LastSwiftUpdateCheck = 0940;
				LastUpgradeCheck = 0940;
				ORGANIZATIONNAME = "Pedro Nascimento";
				TargetAttributes = {
					E3322D8D2211E16D00656326 = {
						CreatedOnToolsVersion = 9.4.1;
					};
				};
			};
			buildConfigurationList = E3322D892211E16D00656326 /* Build configuration list for PBXProject "pokemongo" */;
			compatibilityVersion = "Xcode 9.3";
			developmentRegion = en;
			hasScannedForEncodings = 0;
			knownRegions = (
				en,
				Base,
			);
			mainGroup = E3322D852211E16D00656326;
			productRefGroup = E3322D8F2211E16D00656326 /* Products */;
			projectDirPath = "";
			projectRoot = "";
			targets = (
				E3322D8D2211E16D00656326 /* pokemongo */,
			);
		};
/* End PBXProject section */

/* Begin PBXResourcesBuildPhase section */
		E3322D8C2211E16D00656326 /* Resources */ = {
			isa = PBXResourcesBuildPhase;
			buildActionMask = 2147483647;
			files = (
				E3322D9F2211E16E00656326 /* LaunchScreen.storyboard in Resources */,
				E3322D9C2211E16E00656326 /* Assets.xcassets in Resources */,
				E3322D972211E16D00656326 /* Main.storyboard in Resources */,
			);
			runOnlyForDeploymentPostprocessing = 0;
		};
/* End PBXResourcesBuildPhase section */

/* Begin PBXSourcesBuildPhase section */
		E3322D8A2211E16D00656326 /* Sources */ = {
			isa = PBXSourcesBuildPhase;
			buildActionMask = 2147483647;
			files = (
				E3322D9A2211E16D00656326 /* pokemongo.xcdatamodeld in Sources */,
				E39B3A6B221328E100F4DDC8 /* PokemonPersistance.swift in Sources */,
				E3322D942211E16D00656326 /* ViewController.swift in Sources */,
				E3322D922211E16D00656326 /* AppDelegate.swift in Sources */,
			);
			runOnlyForDeploymentPostprocessing = 0;
		};
/* End PBXSourcesBuildPhase section */

/* Begin PBXVariantGroup section */
		E3322D952211E16D00656326 /* Main.storyboard */ = {
			isa = PBXVariantGroup;
			children = (
				E3322D962211E16D00656326 /* Base */,
			);
			name = Main.storyboard;
			sourceTree = "<group>";
		};
		E3322D9D2211E16E00656326 /* LaunchScreen.storyboard */ = {
			isa = PBXVariantGroup;
			children = (
				E3322D9E2211E16E00656326 /* Base */,
			);
			name = LaunchScreen.storyboard;
			sourceTree = "<group>";
		};
/* End PBXVariantGroup section */

/* Begin XCBuildConfiguration section */
		E3322DA12211E16E00656326 /* Debug */ = {
			isa = XCBuildConfiguration;
			buildSettings = {
				ALWAYS_SEARCH_USER_PATHS = NO;
				CLANG_ANALYZER_NONNULL = YES;
				CLANG_ANALYZER_NUMBER_OBJECT_CONVERSION = YES_AGGRESSIVE;
				CLANG_CXX_LANGUAGE_STANDARD = "gnu++14";
				CLANG_CXX_LIBRARY = "libc++";
				CLANG_ENABLE_MODULES = YES;
				CLANG_ENABLE_OBJC_ARC = YES;
				CLANG_ENABLE_OBJC_WEAK = YES;
				CLANG_WARN_BLOCK_CAPTURE_AUTORELEASING = YES;
				CLANG_WARN_BOOL_CONVERSION = YES;
				CLANG_WARN_COMMA = YES;
				CLANG_WARN_CONSTANT_CONVERSION = YES;
				CLANG_WARN_DEPRECATED_OBJC_IMPLEMENTATIONS = YES;
				CLANG_WARN_DIRECT_OBJC_ISA_USAGE = YES_ERROR;
				CLANG_WARN_DOCUMENTATION_COMMENTS = YES;
				CLANG_WARN_EMPTY_BODY = YES;
				CLANG_WARN_ENUM_CONVERSION = YES;
				CLANG_WARN_INFINITE_RECURSION = YES;
				CLANG_WARN_INT_CONVERSION = YES;
				CLANG_WARN_NON_LITERAL_NULL_CONVERSION = YES;
				CLANG_WARN_OBJC_IMPLICIT_RETAIN_SELF = YES;
				CLANG_WARN_OBJC_LITERAL_CONVERSION = YES;
				CLANG_WARN_OBJC_ROOT_CLASS = YES_ERROR;
				CLANG_WARN_RANGE_LOOP_ANALYSIS = YES;
				CLANG_WARN_STRICT_PROTOTYPES = YES;
				CLANG_WARN_SUSPICIOUS_MOVE = YES;
				CLANG_WARN_UNGUARDED_AVAILABILITY = YES_AGGRESSIVE;
				CLANG_WARN_UNREACHABLE_CODE = YES;
				CLANG_WARN__DUPLICATE_METHOD_MATCH = YES;
				CODE_SIGN_IDENTITY = "iPhone Developer";
				COPY_PHASE_STRIP = NO;
				DEBUG_INFORMATION_FORMAT = dwarf;
				ENABLE_STRICT_OBJC_MSGSEND = YES;
				ENABLE_TESTABILITY = YES;
				GCC_C_LANGUAGE_STANDARD = gnu11;
				GCC_DYNAMIC_NO_PIC = NO;
				GCC_NO_COMMON_BLOCKS = YES;
				GCC_OPTIMIZATION_LEVEL = 0;
				GCC_PREPROCESSOR_DEFINITIONS = (
					"DEBUG=1",
					"$(inherited)",
				);
				GCC_WARN_64_TO_32_BIT_CONVERSION = YES;
				GCC_WARN_ABOUT_RETURN_TYPE = YES_ERROR;
				GCC_WARN_UNDECLARED_SELECTOR = YES;
				GCC_WARN_UNINITIALIZED_AUTOS = YES_AGGRESSIVE;
				GCC_WARN_UNUSED_FUNCTION = YES;
				GCC_WARN_UNUSED_VARIABLE = YES;
				IPHONEOS_DEPLOYMENT_TARGET = 11.4;
				MTL_ENABLE_DEBUG_INFO = YES;
				ONLY_ACTIVE_ARCH = YES;
				SDKROOT = iphoneos;
				SWIFT_ACTIVE_COMPILATION_CONDITIONS = DEBUG;
				SWIFT_OPTIMIZATION_LEVEL = "-Onone";
			};
			name = Debug;
		};
		E3322DA22211E16E00656326 /* Release */ = {
			isa = XCBuildConfiguration;
			buildSettings = {
				ALWAYS_SEARCH_USER_PATHS = NO;
				CLANG_ANALYZER_NONNULL = YES;
				CLANG_ANALYZER_NUMBER_OBJECT_CONVERSION = YES_AGGRESSIVE;
				CLANG_CXX_LANGUAGE_STANDARD = "gnu++14";
				CLANG_CXX_LIBRARY = "libc++";
				CLANG_ENABLE_MODULES = YES;
				CLANG_ENABLE_OBJC_ARC = YES;
				CLANG_ENABLE_OBJC_WEAK = YES;
				CLANG_WARN_BLOCK_CAPTURE_AUTORELEASING = YES;
				CLANG_WARN_BOOL_CONVERSION = YES;
				CLANG_WARN_COMMA = YES;
				CLANG_WARN_CONSTANT_CONVERSION = YES;
				CLANG_WARN_DEPRECATED_OBJC_IMPLEMENTATIONS = YES;
				CLANG_WARN_DIRECT_OBJC_ISA_USAGE = YES_ERROR;
				CLANG_WARN_DOCUMENTATION_COMMENTS = YES;
				CLANG_WARN_EMPTY_BODY = YES;
				CLANG_WARN_ENUM_CONVERSION = YES;
				CLANG_WARN_INFINITE_RECURSION = YES;
				CLANG_WARN_INT_CONVERSION = YES;
				CLANG_WARN_NON_LITERAL_NULL_CONVERSION = YES;
				CLANG_WARN_OBJC_IMPLICIT_RETAIN_SELF = YES;
				CLANG_WARN_OBJC_LITERAL_CONVERSION = YES;
				CLANG_WARN_OBJC_ROOT_CLASS = YES_ERROR;
				CLANG_WARN_RANGE_LOOP_ANALYSIS = YES;
				CLANG_WARN_STRICT_PROTOTYPES = YES;
				CLANG_WARN_SUSPICIOUS_MOVE = YES;
				CLANG_WARN_UNGUARDED_AVAILABILITY = YES_AGGRESSIVE;
				CLANG_WARN_UNREACHABLE_CODE = YES;
				CLANG_WARN__DUPLICATE_METHOD_MATCH = YES;
				CODE_SIGN_IDENTITY = "iPhone Developer";
				COPY_PHASE_STRIP = NO;
				DEBUG_INFORMATION_FORMAT = "dwarf-with-dsym";
				ENABLE_NS_ASSERTIONS = NO;
				ENABLE_STRICT_OBJC_MSGSEND = YES;
				GCC_C_LANGUAGE_STANDARD = gnu11;
				GCC_NO_COMMON_BLOCKS = YES;
				GCC_WARN_64_TO_32_BIT_CONVERSION = YES;
				GCC_WARN_ABOUT_RETURN_TYPE = YES_ERROR;
				GCC_WARN_UNDECLARED_SELECTOR = YES;
				GCC_WARN_UNINITIALIZED_AUTOS = YES_AGGRESSIVE;
				GCC_WARN_UNUSED_FUNCTION = YES;
				GCC_WARN_UNUSED_VARIABLE = YES;
				IPHONEOS_DEPLOYMENT_TARGET = 11.4;
				MTL_ENABLE_DEBUG_INFO = NO;
				SDKROOT = iphoneos;
				SWIFT_COMPILATION_MODE = wholemodule;
				SWIFT_OPTIMIZATION_LEVEL = "-O";
				VALIDATE_PRODUCT = YES;
			};
			name = Release;
		};
		E3322DA42211E16E00656326 /* Debug */ = {
			isa = XCBuildConfiguration;
			buildSettings = {
				ASSETCATALOG_COMPILER_APPICON_NAME = AppIcon;
				CODE_SIGN_STYLE = Automatic;
				INFOPLIST_FILE = pokemongo/Info.plist;
				LD_RUNPATH_SEARCH_PATHS = (
					"$(inherited)",
					"@executable_path/Frameworks",
				);
				PRODUCT_BUNDLE_IDENTIFIER = br.com.pedrovcn.udemy.pokemongo;
				PRODUCT_NAME = "$(TARGET_NAME)";
				SWIFT_VERSION = 4.0;
				TARGETED_DEVICE_FAMILY = "1,2";
			};
			name = Debug;
		};
		E3322DA52211E16E00656326 /* Release */ = {
			isa = XCBuildConfiguration;
			buildSettings = {
				ASSETCATALOG_COMPILER_APPICON_NAME = AppIcon;
				CODE_SIGN_STYLE = Automatic;
				INFOPLIST_FILE = pokemongo/Info.plist;
				LD_RUNPATH_SEARCH_PATHS = (
					"$(inherited)",
					"@executable_path/Frameworks",
				);
				PRODUCT_BUNDLE_IDENTIFIER = br.com.pedrovcn.udemy.pokemongo;
				PRODUCT_NAME = "$(TARGET_NAME)";
				SWIFT_VERSION = 4.0;
				TARGETED_DEVICE_FAMILY = "1,2";
			};
			name = Release;
		};
/* End XCBuildConfiguration section */

/* Begin XCConfigurationList section */
		E3322D892211E16D00656326 /* Build configuration list for PBXProject "pokemongo" */ = {
			isa = XCConfigurationList;
			buildConfigurations = (
				E3322DA12211E16E00656326 /* Debug */,
				E3322DA22211E16E00656326 /* Release */,
			);
			defaultConfigurationIsVisible = 0;
			defaultConfigurationName = Release;
		};
		E3322DA32211E16E00656326 /* Build configuration list for PBXNativeTarget "pokemongo" */ = {
			isa = XCConfigurationList;
			buildConfigurations = (
				E3322DA42211E16E00656326 /* Debug */,
				E3322DA52211E16E00656326 /* Release */,
			);
			defaultConfigurationIsVisible = 0;
			defaultConfigurationName = Release;
		};
/* End XCConfigurationList section */

/* Begin XCVersionGroup section */
		E3322D982211E16D00656326 /* pokemongo.xcdatamodeld */ = {
			isa = XCVersionGroup;
			children = (
				E3322D992211E16D00656326 /* pokemongo.xcdatamodel */,
			);
			currentVersion = E3322D992211E16D00656326 /* pokemongo.xcdatamodel */;
			path = pokemongo.xcdatamodeld;
			sourceTree = "<group>";
			versionGroupType = wrapper.xcdatamodel;
		};
/* End XCVersionGroup section */
	};
	rootObject = E3322D862211E16D00656326 /* Project object */;
}
